Microsoft Visual Studio Solution File, Format Version 12.00
# Visual Studio Version 16
VisualStudioVersion = 16.0.31229.75
MinimumVisualStudioVersion = 10.0.40219.1
Project("{9A19103F-16F7-4668-BE54-9A1E7A4F7556}") = "hikUI", "hikUI\src\hikUI.csproj", "{3CAA0F52-00A3-4323-B762-015107D62DEA}"
	ProjectSection(ProjectDependencies) = postProject
		{77338F3A-B49B-4263-972C-72DC864093AF} = {77338F3A-B49B-4263-972C-72DC864093AF}
	EndProjectSection
EndProject
Project("{9A19103F-16F7-4668-BE54-9A1E7A4F7556}") = "hik-client", "hik-client\src\hik-client.csproj", "{77338F3A-B49B-4263-972C-72DC864093AF}"
EndProject
Project("{9A19103F-16F7-4668-BE54-9A1E7A4F7556}") = "hik-client.Test", "hik-client\test\hik-client.Test.csproj", "{692D37C0-B690-4B81-AA34-9F199C6FB56F}"
	ProjectSection(ProjectDependencies) = postProject
		{77338F3A-B49B-4263-972C-72DC864093AF} = {77338F3A-B49B-4263-972C-72DC864093AF}
	EndProjectSection
EndProject
Project("{9A19103F-16F7-4668-BE54-9A1E7A4F7556}") = "hikUI.Test", "hikUI\test\hikUI.Test.csproj", "{C9810243-28CE-4F2D-AD6C-C807E8E7DBFF}"
	ProjectSection(ProjectDependencies) = postProject
		{3CAA0F52-00A3-4323-B762-015107D62DEA} = {3CAA0F52-00A3-4323-B762-015107D62DEA}
		{692D37C0-B690-4B81-AA34-9F199C6FB56F} = {692D37C0-B690-4B81-AA34-9F199C6FB56F}
	EndProjectSection
EndProject
Project("{2150E333-8FDC-42A3-9474-1A3956D46DE8}") = "Solution Folder", "Solution Folder", "{C3705B86-2D6F-4FD5-96E1-6F3D3192B24B}"
	ProjectSection(SolutionItems) = preProject
		.codacy.yml = .codacy.yml
		.codeclimate.yml = .codeclimate.yml
		.gitignore = .gitignore
		.travis.yml = .travis.yml
		_config.yml = _config.yml
		LICENSE.md = LICENSE.md
		README.md = README.md
		sonar-project.properties = sonar-project.properties
	EndProjectSection
EndProject
Project("{2150E333-8FDC-42A3-9474-1A3956D46DE8}") = "docs", "docs", "{9CF263A5-7B1C-4F05-8407-43B90F1665E0}"
	ProjectSection(SolutionItems) = preProject
		docs\.gitignore = docs\.gitignore
		docs\doxygen = docs\doxygen
		docs\DOXYGENHOME.md = docs\DOXYGENHOME.md
	EndProjectSection
EndProject
Project("{2150E333-8FDC-42A3-9474-1A3956D46DE8}") = ".circleci", ".circleci", "{D8B3F614-94CB-47C3-816F-E0457C24E6B9}"
	ProjectSection(SolutionItems) = preProject
		.circleci\config.yml = .circleci\config.yml
	EndProjectSection
EndProject
Global
	GlobalSection(SolutionConfigurationPlatforms) = preSolution
		Debug|Any CPU = Debug|Any CPU
		Release|Any CPU = Release|Any CPU
	EndGlobalSection
	GlobalSection(ProjectConfigurationPlatforms) = postSolution
		{3CAA0F52-00A3-4323-B762-015107D62DEA}.Debug|Any CPU.ActiveCfg = Debug|Any CPU
		{3CAA0F52-00A3-4323-B762-015107D62DEA}.Debug|Any CPU.Build.0 = Debug|Any CPU
		{3CAA0F52-00A3-4323-B762-015107D62DEA}.Release|Any CPU.ActiveCfg = Release|Any CPU
		{3CAA0F52-00A3-4323-B762-015107D62DEA}.Release|Any CPU.Build.0 = Release|Any CPU
		{77338F3A-B49B-4263-972C-72DC864093AF}.Debug|Any CPU.ActiveCfg = Debug|Any CPU
		{77338F3A-B49B-4263-972C-72DC864093AF}.Debug|Any CPU.Build.0 = Debug|Any CPU
		{77338F3A-B49B-4263-972C-72DC864093AF}.Release|Any CPU.ActiveCfg = Release|Any CPU
		{77338F3A-B49B-4263-972C-72DC864093AF}.Release|Any CPU.Build.0 = Release|Any CPU
		{692D37C0-B690-4B81-AA34-9F199C6FB56F}.Debug|Any CPU.ActiveCfg = Debug|Any CPU
		{692D37C0-B690-4B81-AA34-9F199C6FB56F}.Debug|Any CPU.Build.0 = Debug|Any CPU
		{692D37C0-B690-4B81-AA34-9F199C6FB56F}.Release|Any CPU.ActiveCfg = Release|Any CPU
		{692D37C0-B690-4B81-AA34-9F199C6FB56F}.Release|Any CPU.Build.0 = Release|Any CPU
		{C9810243-28CE-4F2D-AD6C-C807E8E7DBFF}.Debug|Any CPU.ActiveCfg = Debug|Any CPU
		{C9810243-28CE-4F2D-AD6C-C807E8E7DBFF}.Debug|Any CPU.Build.0 = Debug|Any CPU
		{C9810243-28CE-4F2D-AD6C-C807E8E7DBFF}.Release|Any CPU.ActiveCfg = Release|Any CPU
		{C9810243-28CE-4F2D-AD6C-C807E8E7DBFF}.Release|Any CPU.Build.0 = Release|Any CPU
	EndGlobalSection
	GlobalSection(SolutionProperties) = preSolution
		HideSolutionNode = FALSE
	EndGlobalSection
	GlobalSection(NestedProjects) = preSolution
		{9CF263A5-7B1C-4F05-8407-43B90F1665E0} = {C3705B86-2D6F-4FD5-96E1-6F3D3192B24B}
		{D8B3F614-94CB-47C3-816F-E0457C24E6B9} = {C3705B86-2D6F-4FD5-96E1-6F3D3192B24B}
	EndGlobalSection
	GlobalSection(ExtensibilityGlobals) = postSolution
		SolutionGuid = {9D440A5D-BFD1-45C6-B87C-AEAA543830FF}
	EndGlobalSection
EndGlobal
