Microsoft Visual Studio Solution File, Format Version 12.00
# Visual Studio Version 16
VisualStudioVersion = 16.0.31229.75
MinimumVisualStudioVersion = 10.0.40219.1
Project("{9A19103F-16F7-4668-BE54-9A1E7A4F7556}") = "hikUI", "hikUI\src\hikUI.csproj", "{4DF2EA14-CA85-4B5D-BAC0-F03C4D33D4C7}"
	ProjectSection(ProjectDependencies) = postProject
		{751BCEAC-1E82-4BD4-BB92-98777D19C677} = {751BCEAC-1E82-4BD4-BB92-98777D19C677}
	EndProjectSection
EndProject
Project("{9A19103F-16F7-4668-BE54-9A1E7A4F7556}") = "hik-client", "hik-client\src\hik-client.csproj", "{751BCEAC-1E82-4BD4-BB92-98777D19C677}"
EndProject
Project("{9A19103F-16F7-4668-BE54-9A1E7A4F7556}") = "hik-client.Test", "hik-client\test\hik-client.Test.csproj", "{5D9DEE28-2A21-4073-91F4-B7F78BA78A5A}"
	ProjectSection(ProjectDependencies) = postProject
		{751BCEAC-1E82-4BD4-BB92-98777D19C677} = {751BCEAC-1E82-4BD4-BB92-98777D19C677}
	EndProjectSection
EndProject
Project("{9A19103F-16F7-4668-BE54-9A1E7A4F7556}") = "hikUI.Test", "hikUI\test\hikUI.Test.csproj", "{4AD65D0E-ED2F-478F-92A4-C9E29FE1846B}"
	ProjectSection(ProjectDependencies) = postProject
		{4DF2EA14-CA85-4B5D-BAC0-F03C4D33D4C7} = {4DF2EA14-CA85-4B5D-BAC0-F03C4D33D4C7}
	EndProjectSection
EndProject
Project("{2150E333-8FDC-42A3-9474-1A3956D46DE8}") = "Solution Folder", "Solution Folder", "{C3705B86-2D6F-4FD5-96E1-6F3D3192B24B}"
	ProjectSection(SolutionItems) = preProject
		.codacy.yml = .codacy.yml
		.codeclimate.yml = .codeclimate.yml
		.gitignore = .gitignore
		.travis.yml = .travis.yml
		_config.yml = _config.yml
		LICENSE.md = LICENSE.md
		README.md = README.md
		sonar-project.properties = sonar-project.properties
	EndProjectSection
EndProject
Global
	GlobalSection(SolutionConfigurationPlatforms) = preSolution
		Debug|Any CPU = Debug|Any CPU
		Release|Any CPU = Release|Any CPU
	EndGlobalSection
	GlobalSection(ProjectConfigurationPlatforms) = postSolution
		{4DF2EA14-CA85-4B5D-BAC0-F03C4D33D4C7}.Debug|Any CPU.ActiveCfg = Debug|Any CPU
		{4DF2EA14-CA85-4B5D-BAC0-F03C4D33D4C7}.Debug|Any CPU.Build.0 = Debug|Any CPU
		{4DF2EA14-CA85-4B5D-BAC0-F03C4D33D4C7}.Release|Any CPU.ActiveCfg = Release|Any CPU
		{4DF2EA14-CA85-4B5D-BAC0-F03C4D33D4C7}.Release|Any CPU.Build.0 = Release|Any CPU
		{751BCEAC-1E82-4BD4-BB92-98777D19C677}.Debug|Any CPU.ActiveCfg = Debug|Any CPU
		{751BCEAC-1E82-4BD4-BB92-98777D19C677}.Debug|Any CPU.Build.0 = Debug|Any CPU
		{751BCEAC-1E82-4BD4-BB92-98777D19C677}.Release|Any CPU.ActiveCfg = Release|Any CPU
		{751BCEAC-1E82-4BD4-BB92-98777D19C677}.Release|Any CPU.Build.0 = Release|Any CPU
		{5D9DEE28-2A21-4073-91F4-B7F78BA78A5A}.Debug|Any CPU.ActiveCfg = Debug|Any CPU
		{5D9DEE28-2A21-4073-91F4-B7F78BA78A5A}.Debug|Any CPU.Build.0 = Debug|Any CPU
		{5D9DEE28-2A21-4073-91F4-B7F78BA78A5A}.Release|Any CPU.ActiveCfg = Release|Any CPU
		{5D9DEE28-2A21-4073-91F4-B7F78BA78A5A}.Release|Any CPU.Build.0 = Release|Any CPU
		{4AD65D0E-ED2F-478F-92A4-C9E29FE1846B}.Debug|Any CPU.ActiveCfg = Debug|Any CPU
		{4AD65D0E-ED2F-478F-92A4-C9E29FE1846B}.Debug|Any CPU.Build.0 = Debug|Any CPU
		{4AD65D0E-ED2F-478F-92A4-C9E29FE1846B}.Release|Any CPU.ActiveCfg = Release|Any CPU
		{4AD65D0E-ED2F-478F-92A4-C9E29FE1846B}.Release|Any CPU.Build.0 = Release|Any CPU
	EndGlobalSection
	GlobalSection(SolutionProperties) = preSolution
		HideSolutionNode = FALSE
	EndGlobalSection
	GlobalSection(ExtensibilityGlobals) = postSolution
		SolutionGuid = {9D440A5D-BFD1-45C6-B87C-AEAA543830FF}
	EndGlobalSection
EndGlobal
